
Microsoft Visual Studio Solution File, Format Version 12.00
# Visual Studio Version 16
VisualStudioVersion = 16.0.28803.156
MinimumVisualStudioVersion = 10.0.40219.1
Project("{9A19103F-16F7-4668-BE54-9A1E7A4F7556}") = "IdentitySchool", "IdentitySchool\IdentitySchool.csproj", "{D474B7C7-1D0C-46C7-AB71-6B579B948D22}"
EndProject
Global
	GlobalSection(SolutionConfigurationPlatforms) = preSolution
		Debug|Any CPU = Debug|Any CPU
		Release|Any CPU = Release|Any CPU
	EndGlobalSection
	GlobalSection(ProjectConfigurationPlatforms) = postSolution
		{D474B7C7-1D0C-46C7-AB71-6B579B948D22}.Debug|Any CPU.ActiveCfg = Debug|Any CPU
		{D474B7C7-1D0C-46C7-AB71-6B579B948D22}.Debug|Any CPU.Build.0 = Debug|Any CPU
		{D474B7C7-1D0C-46C7-AB71-6B579B948D22}.Release|Any CPU.ActiveCfg = Release|Any CPU
		{D474B7C7-1D0C-46C7-AB71-6B579B948D22}.Release|Any CPU.Build.0 = Release|Any CPU
	EndGlobalSection
	GlobalSection(SolutionProperties) = preSolution
		HideSolutionNode = FALSE
	EndGlobalSection
	GlobalSection(ExtensibilityGlobals) = postSolution
		SolutionGuid = {BF4598DC-BB6E-41FB-A49B-550F4FFDCB90}
	EndGlobalSection
EndGlobal
